
Microsoft Visual Studio Solution File, Format Version 12.00
# Visual Studio Version 16
VisualStudioVersion = 16.0.30907.101
MinimumVisualStudioVersion = 10.0.40219.1
Project("{FAE04EC0-301F-11D3-BF4B-00C04F79EFBC}") = "@Bruteforce", "@Bruteforce.csproj", "{221BDE99-6744-4707-B1CF-C464E21E29AA}"
EndProject
Global
	GlobalSection(SolutionConfigurationPlatforms) = preSolution
		Debug|Any CPU = Debug|Any CPU
		Release|Any CPU = Release|Any CPU
	EndGlobalSection
	GlobalSection(ProjectConfigurationPlatforms) = postSolution
		{221BDE99-6744-4707-B1CF-C464E21E29AA}.Debug|Any CPU.ActiveCfg = Debug|Any CPU
		{221BDE99-6744-4707-B1CF-C464E21E29AA}.Debug|Any CPU.Build.0 = Debug|Any CPU
		{221BDE99-6744-4707-B1CF-C464E21E29AA}.Release|Any CPU.ActiveCfg = Release|Any CPU
		{221BDE99-6744-4707-B1CF-C464E21E29AA}.Release|Any CPU.Build.0 = Release|Any CPU
	EndGlobalSection
	GlobalSection(SolutionProperties) = preSolution
		HideSolutionNode = FALSE
	EndGlobalSection
	GlobalSection(ExtensibilityGlobals) = postSolution
		SolutionGuid = {37552350-B9DE-4B10-9F64-EDBE9A2ABA77}
	EndGlobalSection
EndGlobal
